
Microsoft Visual Studio Solution File, Format Version 12.00
# Visual Studio Version 17
VisualStudioVersion = 17.5.33502.453
MinimumVisualStudioVersion = 10.0.40219.1
Project("{FAE04EC0-301F-11D3-BF4B-00C04F79EFBC}") = "ConsoleApp82", "ConsoleApp82\ConsoleApp82.csproj", "{55750106-2EB6-4E8A-8A9F-415AD6F02412}"
EndProject
Global
	GlobalSection(SolutionConfigurationPlatforms) = preSolution
		Debug|Any CPU = Debug|Any CPU
		Release|Any CPU = Release|Any CPU
	EndGlobalSection
	GlobalSection(ProjectConfigurationPlatforms) = postSolution
		{55750106-2EB6-4E8A-8A9F-415AD6F02412}.Debug|Any CPU.ActiveCfg = Debug|Any CPU
		{55750106-2EB6-4E8A-8A9F-415AD6F02412}.Debug|Any CPU.Build.0 = Debug|Any CPU
		{55750106-2EB6-4E8A-8A9F-415AD6F02412}.Release|Any CPU.ActiveCfg = Release|Any CPU
		{55750106-2EB6-4E8A-8A9F-415AD6F02412}.Release|Any CPU.Build.0 = Release|Any CPU
	EndGlobalSection
	GlobalSection(SolutionProperties) = preSolution
		HideSolutionNode = FALSE
	EndGlobalSection
	GlobalSection(ExtensibilityGlobals) = postSolution
		SolutionGuid = {D4138486-B841-4A32-9C12-3B45691D4DDB}
	EndGlobalSection
EndGlobal
